hash: 1bff3deeafb4aa035aa0048c5495a8063b6a7de215a36fd1014d776b5b11442a
updated: 2018-10-24T13:00:48.670293-04:00
imports:
- name: github.com/rcrowley/go-metrics
  version: 3113b8401b8a98917cde58f8bbd42a1b1c03b1fd
- name: github.com/sirupsen/logrus
  version: 3e01752db0189b9157070a0e1668a620f9a85da2
- name: golang.org/x/crypto
  version: b0c9c05bfe149df95eb1d25642162cca051e0466
  subpackages:
  - ssh/terminal
- name: golang.org/x/sys
  version: 062cd7e4e68206d8bab9b18396626e855c992658
  subpackages:
  - unix
  - windows
testImports: []
